// !$*UTF8*$!
{
	archiveVersion = 1;
	classes = {
	};
	objectVersion = 51;
	objects = {

/* Begin PBXBuildFile section */
		36B12A5E23521A1176630743 /* Pods_MuseBox.framework in Frameworks */ = {isa = PBXBuildFile; fileRef = EF9E7C3A0DA1F69B0B68D644 /* Pods_MuseBox.framework */; };
		840E530B24687C6E00EA02CC /* AppDelegate.swift in Sources */ = {isa = PBXBuildFile; fileRef = 840E530A24687C6E00EA02CC /* AppDelegate.swift */; };
		840E530D24687C6E00EA02CC /* SceneDelegate.swift in Sources */ = {isa = PBXBuildFile; fileRef = 840E530C24687C6E00EA02CC /* SceneDelegate.swift */; };
		840E531224687C6E00EA02CC /* Main.storyboard in Resources */ = {isa = PBXBuildFile; fileRef = 840E531024687C6E00EA02CC /* Main.storyboard */; };
		840E531424687C7000EA02CC /* Assets.xcassets in Resources */ = {isa = PBXBuildFile; fileRef = 840E531324687C7000EA02CC /* Assets.xcassets */; };
		840E531724687C7000EA02CC /* LaunchScreen.storyboard in Resources */ = {isa = PBXBuildFile; fileRef = 840E531524687C7000EA02CC /* LaunchScreen.storyboard */; };
		840E531F246888AF00EA02CC /* GoogleService-Info.plist in Resources */ = {isa = PBXBuildFile; fileRef = 840E531E246888AE00EA02CC /* GoogleService-Info.plist */; };
		840E532724688A4D00EA02CC /* MuseBoxUITests.swift in Sources */ = {isa = PBXBuildFile; fileRef = 840E532624688A4D00EA02CC /* MuseBoxUITests.swift */; };
		840E533524688ABA00EA02CC /* MuseBoxTests.swift in Sources */ = {isa = PBXBuildFile; fileRef = 840E533424688ABA00EA02CC /* MuseBoxTests.swift */; };
		84564BA12469533600EF6B63 /* FeedTableViewController.swift in Sources */ = {isa = PBXBuildFile; fileRef = 84564BA02469533600EF6B63 /* FeedTableViewController.swift */; };
		84564BA32469535A00EF6B63 /* FeedTableViewCell.swift in Sources */ = {isa = PBXBuildFile; fileRef = 84564BA22469535A00EF6B63 /* FeedTableViewCell.swift */; };
		84564BA52469539500EF6B63 /* NewPostViewController.swift in Sources */ = {isa = PBXBuildFile; fileRef = 84564BA42469539500EF6B63 /* NewPostViewController.swift */; };
		84564BA7246953D300EF6B63 /* EventsTableViewController.swift in Sources */ = {isa = PBXBuildFile; fileRef = 84564BA6246953D300EF6B63 /* EventsTableViewController.swift */; };
		84564BA92469540D00EF6B63 /* EventTableViewCell.swift in Sources */ = {isa = PBXBuildFile; fileRef = 84564BA82469540D00EF6B63 /* EventTableViewCell.swift */; };
		84564BAB2469542B00EF6B63 /* NewEventViewController.swift in Sources */ = {isa = PBXBuildFile; fileRef = 84564BAA2469542B00EF6B63 /* NewEventViewController.swift */; };
		84564BAD2469545000EF6B63 /* EventInfoViewController.swift in Sources */ = {isa = PBXBuildFile; fileRef = 84564BAC2469545000EF6B63 /* EventInfoViewController.swift */; };
		84564BAF2469550100EF6B63 /* ProfileViewController.swift in Sources */ = {isa = PBXBuildFile; fileRef = 84564BAE2469550100EF6B63 /* ProfileViewController.swift */; };
		84564BB424695A0800EF6B63 /* EditProfileViewController.swift in Sources */ = {isa = PBXBuildFile; fileRef = 84564BB324695A0700EF6B63 /* EditProfileViewController.swift */; };
		84564BB62469681900EF6B63 /* Model.swift in Sources */ = {isa = PBXBuildFile; fileRef = 84564BB52469681900EF6B63 /* Model.swift */; };
		84564BB8246968E800EF6B63 /* ModelFirebase.swift in Sources */ = {isa = PBXBuildFile; fileRef = 84564BB7246968E800EF6B63 /* ModelFirebase.swift */; };
		84564BBA2469881B00EF6B63 /* User.swift in Sources */ = {isa = PBXBuildFile; fileRef = 84564BB92469881B00EF6B63 /* User.swift */; };
		84564BBF2469ACAD00EF6B63 /* imageExtension.swift in Sources */ = {isa = PBXBuildFile; fileRef = 84564BBE2469ACAD00EF6B63 /* imageExtension.swift */; };
		84564BC12469B27300EF6B63 /* FirebaseStorage.swift in Sources */ = {isa = PBXBuildFile; fileRef = 84564BC02469B27300EF6B63 /* FirebaseStorage.swift */; };
		84B0E933246892A300ACECD5 /* libsqlite3.0.tbd in Frameworks */ = {isa = PBXBuildFile; fileRef = 84B0E9322468928C00ACECD5 /* libsqlite3.0.tbd */; };
		84B0E9392468B06400ACECD5 /* SignInViewController.swift in Sources */ = {isa = PBXBuildFile; fileRef = 84B0E9382468B06400ACECD5 /* SignInViewController.swift */; };
		84B0E93B2468B73300ACECD5 /* SignUpViewController.swift in Sources */ = {isa = PBXBuildFile; fileRef = 84B0E93A2468B73300ACECD5 /* SignUpViewController.swift */; };
		D0FF6013959E977947A0F59E /* Pods_MuseBox_MuseBoxUITests.framework in Frameworks */ = {isa = PBXBuildFile; fileRef = C8D52FF9FCE43EDAAA60BC59 /* Pods_MuseBox_MuseBoxUITests.framework */; };
		F8570C65F7499CE3E9B324A8 /* Pods_MuseBoxTests.framework in Frameworks */ = {isa = PBXBuildFile; fileRef = 3B09077993AE9F2A95B3915B /* Pods_MuseBoxTests.framework */; };
/* End PBXBuildFile section */

/* Begin PBXContainerItemProxy section */
		840E532924688A4D00EA02CC /* PBXContainerItemProxy */ = {
			isa = PBXContainerItemProxy;
			containerPortal = 840E52FF24687C6E00EA02CC /* Project object */;
			proxyType = 1;
			remoteGlobalIDString = 840E530624687C6E00EA02CC;
			remoteInfo = MuseBox;
		};
		840E533724688ABA00EA02CC /* PBXContainerItemProxy */ = {
			isa = PBXContainerItemProxy;
			containerPortal = 840E52FF24687C6E00EA02CC /* Project object */;
			proxyType = 1;
			remoteGlobalIDString = 840E530624687C6E00EA02CC;
			remoteInfo = MuseBox;
		};
/* End PBXContainerItemProxy section */

/* Begin PBXFileReference section */
		3B09077993AE9F2A95B3915B /* Pods_MuseBoxTests.framework */ = {isa = PBXFileReference; explicitFileType = wrapper.framework; includeInIndex = 0; path = Pods_MuseBoxTests.framework; sourceTree = BUILT_PRODUCTS_DIR; };
		48AD373E6F05FF93BB7E6B56 /* Pods-MuseBox-MuseBoxUITests.debug.xcconfig */ = {isa = PBXFileReference; includeInIndex = 1; lastKnownFileType = text.xcconfig; name = "Pods-MuseBox-MuseBoxUITests.debug.xcconfig"; path = "Target Support Files/Pods-MuseBox-MuseBoxUITests/Pods-MuseBox-MuseBoxUITests.debug.xcconfig"; sourceTree = "<group>"; };
		840E530724687C6E00EA02CC /* MuseBox.app */ = {isa = PBXFileReference; explicitFileType = wrapper.application; includeInIndex = 0; path = MuseBox.app; sourceTree = BUILT_PRODUCTS_DIR; };
		840E530A24687C6E00EA02CC /* AppDelegate.swift */ = {isa = PBXFileReference; lastKnownFileType = sourcecode.swift; path = AppDelegate.swift; sourceTree = "<group>"; };
		840E530C24687C6E00EA02CC /* SceneDelegate.swift */ = {isa = PBXFileReference; lastKnownFileType = sourcecode.swift; path = SceneDelegate.swift; sourceTree = "<group>"; };
		840E531124687C6E00EA02CC /* Base */ = {isa = PBXFileReference; lastKnownFileType = file.storyboard; name = Base; path = Base.lproj/Main.storyboard; sourceTree = "<group>"; };
		840E531324687C7000EA02CC /* Assets.xcassets */ = {isa = PBXFileReference; lastKnownFileType = folder.assetcatalog; path = Assets.xcassets; sourceTree = "<group>"; };
		840E531624687C7000EA02CC /* Base */ = {isa = PBXFileReference; lastKnownFileType = file.storyboard; name = Base; path = Base.lproj/LaunchScreen.storyboard; sourceTree = "<group>"; };
		840E531824687C7000EA02CC /* Info.plist */ = {isa = PBXFileReference; lastKnownFileType = text.plist.xml; path = Info.plist; sourceTree = "<group>"; };
		840E531E246888AE00EA02CC /* GoogleService-Info.plist */ = {isa = PBXFileReference; fileEncoding = 4; lastKnownFileType = text.plist.xml; path = "GoogleService-Info.plist"; sourceTree = "<group>"; };
		840E532424688A4D00EA02CC /* MuseBoxUITests.xctest */ = {isa = PBXFileReference; explicitFileType = wrapper.cfbundle; includeInIndex = 0; path = MuseBoxUITests.xctest; sourceTree = BUILT_PRODUCTS_DIR; };
		840E532624688A4D00EA02CC /* MuseBoxUITests.swift */ = {isa = PBXFileReference; lastKnownFileType = sourcecode.swift; path = MuseBoxUITests.swift; sourceTree = "<group>"; };
		840E532824688A4D00EA02CC /* Info.plist */ = {isa = PBXFileReference; lastKnownFileType = text.plist.xml; path = Info.plist; sourceTree = "<group>"; };
		840E533224688ABA00EA02CC /* MuseBoxTests.xctest */ = {isa = PBXFileReference; explicitFileType = wrapper.cfbundle; includeInIndex = 0; path = MuseBoxTests.xctest; sourceTree = BUILT_PRODUCTS_DIR; };
		840E533424688ABA00EA02CC /* MuseBoxTests.swift */ = {isa = PBXFileReference; lastKnownFileType = sourcecode.swift; path = MuseBoxTests.swift; sourceTree = "<group>"; };
		840E533624688ABA00EA02CC /* Info.plist */ = {isa = PBXFileReference; lastKnownFileType = text.plist.xml; path = Info.plist; sourceTree = "<group>"; };
		84564BA02469533600EF6B63 /* FeedTableViewController.swift */ = {isa = PBXFileReference; lastKnownFileType = sourcecode.swift; path = FeedTableViewController.swift; sourceTree = "<group>"; };
		84564BA22469535A00EF6B63 /* FeedTableViewCell.swift */ = {isa = PBXFileReference; lastKnownFileType = sourcecode.swift; path = FeedTableViewCell.swift; sourceTree = "<group>"; };
		84564BA42469539500EF6B63 /* NewPostViewController.swift */ = {isa = PBXFileReference; lastKnownFileType = sourcecode.swift; path = NewPostViewController.swift; sourceTree = "<group>"; };
		84564BA6246953D300EF6B63 /* EventsTableViewController.swift */ = {isa = PBXFileReference; lastKnownFileType = sourcecode.swift; path = EventsTableViewController.swift; sourceTree = "<group>"; };
		84564BA82469540D00EF6B63 /* EventTableViewCell.swift */ = {isa = PBXFileReference; lastKnownFileType = sourcecode.swift; path = EventTableViewCell.swift; sourceTree = "<group>"; };
		84564BAA2469542B00EF6B63 /* NewEventViewController.swift */ = {isa = PBXFileReference; lastKnownFileType = sourcecode.swift; path = NewEventViewController.swift; sourceTree = "<group>"; };
		84564BAC2469545000EF6B63 /* EventInfoViewController.swift */ = {isa = PBXFileReference; lastKnownFileType = sourcecode.swift; path = EventInfoViewController.swift; sourceTree = "<group>"; };
		84564BAE2469550100EF6B63 /* ProfileViewController.swift */ = {isa = PBXFileReference; lastKnownFileType = sourcecode.swift; path = ProfileViewController.swift; sourceTree = "<group>"; };
		84564BB324695A0700EF6B63 /* EditProfileViewController.swift */ = {isa = PBXFileReference; lastKnownFileType = sourcecode.swift; path = EditProfileViewController.swift; sourceTree = "<group>"; };
		84564BB52469681900EF6B63 /* Model.swift */ = {isa = PBXFileReference; lastKnownFileType = sourcecode.swift; path = Model.swift; sourceTree = "<group>"; };
		84564BB7246968E800EF6B63 /* ModelFirebase.swift */ = {isa = PBXFileReference; lastKnownFileType = sourcecode.swift; path = ModelFirebase.swift; sourceTree = "<group>"; };
		84564BB92469881B00EF6B63 /* User.swift */ = {isa = PBXFileReference; lastKnownFileType = sourcecode.swift; path = User.swift; sourceTree = "<group>"; };
		84564BBE2469ACAD00EF6B63 /* imageExtension.swift */ = {isa = PBXFileReference; lastKnownFileType = sourcecode.swift; path = imageExtension.swift; sourceTree = "<group>"; };
		84564BC02469B27300EF6B63 /* FirebaseStorage.swift */ = {isa = PBXFileReference; lastKnownFileType = sourcecode.swift; path = FirebaseStorage.swift; sourceTree = "<group>"; };
		84B0E9322468928C00ACECD5 /* libsqlite3.0.tbd */ = {isa = PBXFileReference; lastKnownFileType = "sourcecode.text-based-dylib-definition"; name = libsqlite3.0.tbd; path = usr/lib/libsqlite3.0.tbd; sourceTree = SDKROOT; };
		84B0E9342468930500ACECD5 /* MuseBox-Bridging-Header.h */ = {isa = PBXFileReference; lastKnownFileType = sourcecode.c.h; path = "MuseBox-Bridging-Header.h"; sourceTree = "<group>"; };
		84B0E9382468B06400ACECD5 /* SignInViewController.swift */ = {isa = PBXFileReference; lastKnownFileType = sourcecode.swift; path = SignInViewController.swift; sourceTree = "<group>"; };
		84B0E93A2468B73300ACECD5 /* SignUpViewController.swift */ = {isa = PBXFileReference; lastKnownFileType = sourcecode.swift; path = SignUpViewController.swift; sourceTree = "<group>"; };
		B40C7A7C79F52600F7F2190D /* Pods-MuseBox-MuseBoxUITests.release.xcconfig */ = {isa = PBXFileReference; includeInIndex = 1; lastKnownFileType = text.xcconfig; name = "Pods-MuseBox-MuseBoxUITests.release.xcconfig"; path = "Target Support Files/Pods-MuseBox-MuseBoxUITests/Pods-MuseBox-MuseBoxUITests.release.xcconfig"; sourceTree = "<group>"; };
		B84CDBDE293F9E6959019067 /* Pods-MuseBox.release.xcconfig */ = {isa = PBXFileReference; includeInIndex = 1; lastKnownFileType = text.xcconfig; name = "Pods-MuseBox.release.xcconfig"; path = "Target Support Files/Pods-MuseBox/Pods-MuseBox.release.xcconfig"; sourceTree = "<group>"; };
		BC2131CA721F073FC19EFB99 /* Pods-MuseBoxTests.release.xcconfig */ = {isa = PBXFileReference; includeInIndex = 1; lastKnownFileType = text.xcconfig; name = "Pods-MuseBoxTests.release.xcconfig"; path = "Target Support Files/Pods-MuseBoxTests/Pods-MuseBoxTests.release.xcconfig"; sourceTree = "<group>"; };
		BD0E9B9DEEAF2F6C5E4E8F8E /* Pods-MuseBox.debug.xcconfig */ = {isa = PBXFileReference; includeInIndex = 1; lastKnownFileType = text.xcconfig; name = "Pods-MuseBox.debug.xcconfig"; path = "Target Support Files/Pods-MuseBox/Pods-MuseBox.debug.xcconfig"; sourceTree = "<group>"; };
		C8D52FF9FCE43EDAAA60BC59 /* Pods_MuseBox_MuseBoxUITests.framework */ = {isa = PBXFileReference; explicitFileType = wrapper.framework; includeInIndex = 0; path = Pods_MuseBox_MuseBoxUITests.framework; sourceTree = BUILT_PRODUCTS_DIR; };
		EF9E7C3A0DA1F69B0B68D644 /* Pods_MuseBox.framework */ = {isa = PBXFileReference; explicitFileType = wrapper.framework; includeInIndex = 0; path = Pods_MuseBox.framework; sourceTree = BUILT_PRODUCTS_DIR; };
		FA9F34F5503AF996DCD70DAE /* Pods-MuseBoxTests.debug.xcconfig */ = {isa = PBXFileReference; includeInIndex = 1; lastKnownFileType = text.xcconfig; name = "Pods-MuseBoxTests.debug.xcconfig"; path = "Target Support Files/Pods-MuseBoxTests/Pods-MuseBoxTests.debug.xcconfig"; sourceTree = "<group>"; };
/* End PBXFileReference section */

/* Begin PBXFrameworksBuildPhase section */
		840E530424687C6E00EA02CC /* Frameworks */ = {
			isa = PBXFrameworksBuildPhase;
			buildActionMask = 2147483647;
			files = (
				84B0E933246892A300ACECD5 /* libsqlite3.0.tbd in Frameworks */,
				36B12A5E23521A1176630743 /* Pods_MuseBox.framework in Frameworks */,
			);
			runOnlyForDeploymentPostprocessing = 0;
		};
		840E532124688A4D00EA02CC /* Frameworks */ = {
			isa = PBXFrameworksBuildPhase;
			buildActionMask = 2147483647;
			files = (
				D0FF6013959E977947A0F59E /* Pods_MuseBox_MuseBoxUITests.framework in Frameworks */,
			);
			runOnlyForDeploymentPostprocessing = 0;
		};
		840E532F24688ABA00EA02CC /* Frameworks */ = {
			isa = PBXFrameworksBuildPhase;
			buildActionMask = 2147483647;
			files = (
				F8570C65F7499CE3E9B324A8 /* Pods_MuseBoxTests.framework in Frameworks */,
			);
			runOnlyForDeploymentPostprocessing = 0;
		};
/* End PBXFrameworksBuildPhase section */

/* Begin PBXGroup section */
		25DB7C8A49BDFC1F36D63FA3 /* Frameworks */ = {
			isa = PBXGroup;
			children = (
				84B0E9322468928C00ACECD5 /* libsqlite3.0.tbd */,
				EF9E7C3A0DA1F69B0B68D644 /* Pods_MuseBox.framework */,
				C8D52FF9FCE43EDAAA60BC59 /* Pods_MuseBox_MuseBoxUITests.framework */,
				3B09077993AE9F2A95B3915B /* Pods_MuseBoxTests.framework */,
			);
			name = Frameworks;
			sourceTree = "<group>";
		};
		840E52FE24687C6E00EA02CC = {
			isa = PBXGroup;
			children = (
				840E530924687C6E00EA02CC /* MuseBox */,
				840E532524688A4D00EA02CC /* MuseBoxUITests */,
				840E533324688ABA00EA02CC /* MuseBoxTests */,
				840E530824687C6E00EA02CC /* Products */,
				FFE48525EA8D7814726C5EC0 /* Pods */,
				25DB7C8A49BDFC1F36D63FA3 /* Frameworks */,
			);
			sourceTree = "<group>";
		};
		840E530824687C6E00EA02CC /* Products */ = {
			isa = PBXGroup;
			children = (
				840E530724687C6E00EA02CC /* MuseBox.app */,
				840E532424688A4D00EA02CC /* MuseBoxUITests.xctest */,
				840E533224688ABA00EA02CC /* MuseBoxTests.xctest */,
			);
			name = Products;
			sourceTree = "<group>";
		};
		840E530924687C6E00EA02CC /* MuseBox */ = {
			isa = PBXGroup;
			children = (
				84564BBD2469AC6F00EF6B63 /* Extensions */,
				84B0E9312468926C00ACECD5 /* Model */,
				840E531E246888AE00EA02CC /* GoogleService-Info.plist */,
				840E530A24687C6E00EA02CC /* AppDelegate.swift */,
				840E530C24687C6E00EA02CC /* SceneDelegate.swift */,
				840E531024687C6E00EA02CC /* Main.storyboard */,
				840E531324687C7000EA02CC /* Assets.xcassets */,
				840E531524687C7000EA02CC /* LaunchScreen.storyboard */,
				840E531824687C7000EA02CC /* Info.plist */,
				84B0E9342468930500ACECD5 /* MuseBox-Bridging-Header.h */,
				84B0E9382468B06400ACECD5 /* SignInViewController.swift */,
				84B0E93A2468B73300ACECD5 /* SignUpViewController.swift */,
				84564BA02469533600EF6B63 /* FeedTableViewController.swift */,
				84564BA22469535A00EF6B63 /* FeedTableViewCell.swift */,
				84564BA42469539500EF6B63 /* NewPostViewController.swift */,
				84564BA6246953D300EF6B63 /* EventsTableViewController.swift */,
				84564BA82469540D00EF6B63 /* EventTableViewCell.swift */,
				84564BAA2469542B00EF6B63 /* NewEventViewController.swift */,
				84564BAC2469545000EF6B63 /* EventInfoViewController.swift */,
				84564BAE2469550100EF6B63 /* ProfileViewController.swift */,
				84564BB324695A0700EF6B63 /* EditProfileViewController.swift */,
			);
			path = MuseBox;
			sourceTree = "<group>";
		};
		840E532524688A4D00EA02CC /* MuseBoxUITests */ = {
			isa = PBXGroup;
			children = (
				840E532624688A4D00EA02CC /* MuseBoxUITests.swift */,
				840E532824688A4D00EA02CC /* Info.plist */,
			);
			path = MuseBoxUITests;
			sourceTree = "<group>";
		};
		840E533324688ABA00EA02CC /* MuseBoxTests */ = {
			isa = PBXGroup;
			children = (
				840E533424688ABA00EA02CC /* MuseBoxTests.swift */,
				840E533624688ABA00EA02CC /* Info.plist */,
			);
			path = MuseBoxTests;
			sourceTree = "<group>";
		};
		84564BBD2469AC6F00EF6B63 /* Extensions */ = {
			isa = PBXGroup;
			children = (
				84564BBE2469ACAD00EF6B63 /* imageExtension.swift */,
			);
			path = Extensions;
			sourceTree = "<group>";
		};
		84B0E9312468926C00ACECD5 /* Model */ = {
			isa = PBXGroup;
			children = (
				84564BB52469681900EF6B63 /* Model.swift */,
				84564BB7246968E800EF6B63 /* ModelFirebase.swift */,
				84564BB92469881B00EF6B63 /* User.swift */,
				84564BC02469B27300EF6B63 /* FirebaseStorage.swift */,
			);
			path = Model;
			sourceTree = "<group>";
		};
		FFE48525EA8D7814726C5EC0 /* Pods */ = {
			isa = PBXGroup;
			children = (
				BD0E9B9DEEAF2F6C5E4E8F8E /* Pods-MuseBox.debug.xcconfig */,
				B84CDBDE293F9E6959019067 /* Pods-MuseBox.release.xcconfig */,
				48AD373E6F05FF93BB7E6B56 /* Pods-MuseBox-MuseBoxUITests.debug.xcconfig */,
				B40C7A7C79F52600F7F2190D /* Pods-MuseBox-MuseBoxUITests.release.xcconfig */,
				FA9F34F5503AF996DCD70DAE /* Pods-MuseBoxTests.debug.xcconfig */,
				BC2131CA721F073FC19EFB99 /* Pods-MuseBoxTests.release.xcconfig */,
			);
			path = Pods;
			sourceTree = "<group>";
		};
/* End PBXGroup section */

/* Begin PBXNativeTarget section */
		840E530624687C6E00EA02CC /* MuseBox */ = {
			isa = PBXNativeTarget;
			buildConfigurationList = 840E531B24687C7000EA02CC /* Build configuration list for PBXNativeTarget "MuseBox" */;
			buildPhases = (
				0A9E3C515F2442224566B54F /* [CP] Check Pods Manifest.lock */,
				840E530324687C6E00EA02CC /* Sources */,
				840E530424687C6E00EA02CC /* Frameworks */,
				840E530524687C6E00EA02CC /* Resources */,
				D3D58F486B5B3DC8B61FDEEE /* [CP] Embed Pods Frameworks */,
			);
			buildRules = (
			);
			dependencies = (
			);
			name = MuseBox;
			productName = MuseBox;
			productReference = 840E530724687C6E00EA02CC /* MuseBox.app */;
			productType = "com.apple.product-type.application";
		};
		840E532324688A4D00EA02CC /* MuseBoxUITests */ = {
			isa = PBXNativeTarget;
			buildConfigurationList = 840E532D24688A4D00EA02CC /* Build configuration list for PBXNativeTarget "MuseBoxUITests" */;
			buildPhases = (
				876266A585788B5690BEAE47 /* [CP] Check Pods Manifest.lock */,
				840E532024688A4D00EA02CC /* Sources */,
				840E532124688A4D00EA02CC /* Frameworks */,
				840E532224688A4D00EA02CC /* Resources */,
				BA5C70F4C943496AEF5D014F /* [CP] Embed Pods Frameworks */,
			);
			buildRules = (
			);
			dependencies = (
				840E532A24688A4D00EA02CC /* PBXTargetDependency */,
			);
			name = MuseBoxUITests;
			productName = MuseBoxUITests;
			productReference = 840E532424688A4D00EA02CC /* MuseBoxUITests.xctest */;
			productType = "com.apple.product-type.bundle.ui-testing";
		};
		840E533124688ABA00EA02CC /* MuseBoxTests */ = {
			isa = PBXNativeTarget;
			buildConfigurationList = 840E533924688ABA00EA02CC /* Build configuration list for PBXNativeTarget "MuseBoxTests" */;
			buildPhases = (
				FA921F866DEF788FDAEBB259 /* [CP] Check Pods Manifest.lock */,
				840E532E24688ABA00EA02CC /* Sources */,
				840E532F24688ABA00EA02CC /* Frameworks */,
				840E533024688ABA00EA02CC /* Resources */,
			);
			buildRules = (
			);
			dependencies = (
				840E533824688ABA00EA02CC /* PBXTargetDependency */,
			);
			name = MuseBoxTests;
			productName = MuseBoxTests;
			productReference = 840E533224688ABA00EA02CC /* MuseBoxTests.xctest */;
			productType = "com.apple.product-type.bundle.unit-test";
		};
/* End PBXNativeTarget section */

/* Begin PBXProject section */
		840E52FF24687C6E00EA02CC /* Project object */ = {
			isa = PBXProject;
			attributes = {
				LastSwiftUpdateCheck = 1120;
				LastUpgradeCheck = 1120;
				ORGANIZATIONNAME = "Lee Lavy";
				TargetAttributes = {
					840E530624687C6E00EA02CC = {
						CreatedOnToolsVersion = 11.2;
						LastSwiftMigration = 1120;
					};
					840E532324688A4D00EA02CC = {
						CreatedOnToolsVersion = 11.2;
						TestTargetID = 840E530624687C6E00EA02CC;
					};
					840E533124688ABA00EA02CC = {
						CreatedOnToolsVersion = 11.2;
						TestTargetID = 840E530624687C6E00EA02CC;
					};
				};
			};
			buildConfigurationList = 840E530224687C6E00EA02CC /* Build configuration list for PBXProject "MuseBox" */;
			compatibilityVersion = "Xcode 9.3";
			developmentRegion = en;
			hasScannedForEncodings = 0;
			knownRegions = (
				en,
				Base,
			);
			mainGroup = 840E52FE24687C6E00EA02CC;
			productRefGroup = 840E530824687C6E00EA02CC /* Products */;
			projectDirPath = "";
			projectRoot = "";
			targets = (
				840E530624687C6E00EA02CC /* MuseBox */,
				840E532324688A4D00EA02CC /* MuseBoxUITests */,
				840E533124688ABA00EA02CC /* MuseBoxTests */,
			);
		};
/* End PBXProject section */

/* Begin PBXResourcesBuildPhase section */
		840E530524687C6E00EA02CC /* Resources */ = {
			isa = PBXResourcesBuildPhase;
			buildActionMask = 2147483647;
			files = (
				840E531724687C7000EA02CC /* LaunchScreen.storyboard in Resources */,
				840E531F246888AF00EA02CC /* GoogleService-Info.plist in Resources */,
				840E531424687C7000EA02CC /* Assets.xcassets in Resources */,
				840E531224687C6E00EA02CC /* Main.storyboard in Resources */,
			);
			runOnlyForDeploymentPostprocessing = 0;
		};
		840E532224688A4D00EA02CC /* Resources */ = {
			isa = PBXResourcesBuildPhase;
			buildActionMask = 2147483647;
			files = (
			);
			runOnlyForDeploymentPostprocessing = 0;
		};
		840E533024688ABA00EA02CC /* Resources */ = {
			isa = PBXResourcesBuildPhase;
			buildActionMask = 2147483647;
			files = (
			);
			runOnlyForDeploymentPostprocessing = 0;
		};
/* End PBXResourcesBuildPhase section */

/* Begin PBXShellScriptBuildPhase section */
		0A9E3C515F2442224566B54F /* [CP] Check Pods Manifest.lock */ = {
			isa = PBXShellScriptBuildPhase;
			buildActionMask = 2147483647;
			files = (
			);
			inputFileListPaths = (
			);
			inputPaths = (
				"${PODS_PODFILE_DIR_PATH}/Podfile.lock",
				"${PODS_ROOT}/Manifest.lock",
			);
			name = "[CP] Check Pods Manifest.lock";
			outputFileListPaths = (
			);
			outputPaths = (
				"$(DERIVED_FILE_DIR)/Pods-MuseBox-checkManifestLockResult.txt",
			);
			runOnlyForDeploymentPostprocessing = 0;
			shellPath = /bin/sh;
			shellScript = "diff \"${PODS_PODFILE_DIR_PATH}/Podfile.lock\" \"${PODS_ROOT}/Manifest.lock\" > /dev/null\nif [ $? != 0 ] ; then\n    # print error to STDERR\n    echo \"error: The sandbox is not in sync with the Podfile.lock. Run 'pod install' or update your CocoaPods installation.\" >&2\n    exit 1\nfi\n# This output is used by Xcode 'outputs' to avoid re-running this script phase.\necho \"SUCCESS\" > \"${SCRIPT_OUTPUT_FILE_0}\"\n";
			showEnvVarsInLog = 0;
		};
		876266A585788B5690BEAE47 /* [CP] Check Pods Manifest.lock */ = {
			isa = PBXShellScriptBuildPhase;
			buildActionMask = 2147483647;
			files = (
			);
			inputFileListPaths = (
			);
			inputPaths = (
				"${PODS_PODFILE_DIR_PATH}/Podfile.lock",
				"${PODS_ROOT}/Manifest.lock",
			);
			name = "[CP] Check Pods Manifest.lock";
			outputFileListPaths = (
			);
			outputPaths = (
				"$(DERIVED_FILE_DIR)/Pods-MuseBox-MuseBoxUITests-checkManifestLockResult.txt",
			);
			runOnlyForDeploymentPostprocessing = 0;
			shellPath = /bin/sh;
			shellScript = "diff \"${PODS_PODFILE_DIR_PATH}/Podfile.lock\" \"${PODS_ROOT}/Manifest.lock\" > /dev/null\nif [ $? != 0 ] ; then\n    # print error to STDERR\n    echo \"error: The sandbox is not in sync with the Podfile.lock. Run 'pod install' or update your CocoaPods installation.\" >&2\n    exit 1\nfi\n# This output is used by Xcode 'outputs' to avoid re-running this script phase.\necho \"SUCCESS\" > \"${SCRIPT_OUTPUT_FILE_0}\"\n";
			showEnvVarsInLog = 0;
		};
		BA5C70F4C943496AEF5D014F /* [CP] Embed Pods Frameworks */ = {
			isa = PBXShellScriptBuildPhase;
			buildActionMask = 2147483647;
			files = (
			);
			inputFileListPaths = (
				"${PODS_ROOT}/Target Support Files/Pods-MuseBox-MuseBoxUITests/Pods-MuseBox-MuseBoxUITests-frameworks-${CONFIGURATION}-input-files.xcfilelist",
			);
			name = "[CP] Embed Pods Frameworks";
			outputFileListPaths = (
				"${PODS_ROOT}/Target Support Files/Pods-MuseBox-MuseBoxUITests/Pods-MuseBox-MuseBoxUITests-frameworks-${CONFIGURATION}-output-files.xcfilelist",
			);
			runOnlyForDeploymentPostprocessing = 0;
			shellPath = /bin/sh;
			shellScript = "\"${PODS_ROOT}/Target Support Files/Pods-MuseBox-MuseBoxUITests/Pods-MuseBox-MuseBoxUITests-frameworks.sh\"\n";
			showEnvVarsInLog = 0;
		};
		D3D58F486B5B3DC8B61FDEEE /* [CP] Embed Pods Frameworks */ = {
			isa = PBXShellScriptBuildPhase;
			buildActionMask = 2147483647;
			files = (
			);
			inputFileListPaths = (
				"${PODS_ROOT}/Target Support Files/Pods-MuseBox/Pods-MuseBox-frameworks-${CONFIGURATION}-input-files.xcfilelist",
			);
			name = "[CP] Embed Pods Frameworks";
			outputFileListPaths = (
				"${PODS_ROOT}/Target Support Files/Pods-MuseBox/Pods-MuseBox-frameworks-${CONFIGURATION}-output-files.xcfilelist",
			);
			runOnlyForDeploymentPostprocessing = 0;
			shellPath = /bin/sh;
			shellScript = "\"${PODS_ROOT}/Target Support Files/Pods-MuseBox/Pods-MuseBox-frameworks.sh\"\n";
			showEnvVarsInLog = 0;
		};
		FA921F866DEF788FDAEBB259 /* [CP] Check Pods Manifest.lock */ = {
			isa = PBXShellScriptBuildPhase;
			buildActionMask = 2147483647;
			files = (
			);
			inputFileListPaths = (
			);
			inputPaths = (
				"${PODS_PODFILE_DIR_PATH}/Podfile.lock",
				"${PODS_ROOT}/Manifest.lock",
			);
			name = "[CP] Check Pods Manifest.lock";
			outputFileListPaths = (
			);
			outputPaths = (
				"$(DERIVED_FILE_DIR)/Pods-MuseBoxTests-checkManifestLockResult.txt",
			);
			runOnlyForDeploymentPostprocessing = 0;
			shellPath = /bin/sh;
			shellScript = "diff \"${PODS_PODFILE_DIR_PATH}/Podfile.lock\" \"${PODS_ROOT}/Manifest.lock\" > /dev/null\nif [ $? != 0 ] ; then\n    # print error to STDERR\n    echo \"error: The sandbox is not in sync with the Podfile.lock. Run 'pod install' or update your CocoaPods installation.\" >&2\n    exit 1\nfi\n# This output is used by Xcode 'outputs' to avoid re-running this script phase.\necho \"SUCCESS\" > \"${SCRIPT_OUTPUT_FILE_0}\"\n";
			showEnvVarsInLog = 0;
		};
/* End PBXShellScriptBuildPhase section */

/* Begin PBXSourcesBuildPhase section */
		840E530324687C6E00EA02CC /* Sources */ = {
			isa = PBXSourcesBuildPhase;
			buildActionMask = 2147483647;
			files = (
				84564BB424695A0800EF6B63 /* EditProfileViewController.swift in Sources */,
				84564BA92469540D00EF6B63 /* EventTableViewCell.swift in Sources */,
				840E530B24687C6E00EA02CC /* AppDelegate.swift in Sources */,
				84564BAB2469542B00EF6B63 /* NewEventViewController.swift in Sources */,
				84564BBA2469881B00EF6B63 /* User.swift in Sources */,
				84564BA32469535A00EF6B63 /* FeedTableViewCell.swift in Sources */,
				840E530D24687C6E00EA02CC /* SceneDelegate.swift in Sources */,
				84564BBF2469ACAD00EF6B63 /* imageExtension.swift in Sources */,
				84564BA52469539500EF6B63 /* NewPostViewController.swift in Sources */,
				84564BB62469681900EF6B63 /* Model.swift in Sources */,
				84564BAF2469550100EF6B63 /* ProfileViewController.swift in Sources */,
				84564BA12469533600EF6B63 /* FeedTableViewController.swift in Sources */,
				84B0E93B2468B73300ACECD5 /* SignUpViewController.swift in Sources */,
				84564BA7246953D300EF6B63 /* EventsTableViewController.swift in Sources */,
				84564BAD2469545000EF6B63 /* EventInfoViewController.swift in Sources */,
				84564BB8246968E800EF6B63 /* ModelFirebase.swift in Sources */,
				84564BC12469B27300EF6B63 /* FirebaseStorage.swift in Sources */,
				84B0E9392468B06400ACECD5 /* SignInViewController.swift in Sources */,
			);
			runOnlyForDeploymentPostprocessing = 0;
		};
		840E532024688A4D00EA02CC /* Sources */ = {
			isa = PBXSourcesBuildPhase;
			buildActionMask = 2147483647;
			files = (
				840E532724688A4D00EA02CC /* MuseBoxUITests.swift in Sources */,
			);
			runOnlyForDeploymentPostprocessing = 0;
		};
		840E532E24688ABA00EA02CC /* Sources */ = {
			isa = PBXSourcesBuildPhase;
			buildActionMask = 2147483647;
			files = (
				840E533524688ABA00EA02CC /* MuseBoxTests.swift in Sources */,
			);
			runOnlyForDeploymentPostprocessing = 0;
		};
/* End PBXSourcesBuildPhase section */

/* Begin PBXTargetDependency section */
		840E532A24688A4D00EA02CC /* PBXTargetDependency */ = {
			isa = PBXTargetDependency;
			target = 840E530624687C6E00EA02CC /* MuseBox */;
			targetProxy = 840E532924688A4D00EA02CC /* PBXContainerItemProxy */;
		};
		840E533824688ABA00EA02CC /* PBXTargetDependency */ = {
			isa = PBXTargetDependency;
			target = 840E530624687C6E00EA02CC /* MuseBox */;
			targetProxy = 840E533724688ABA00EA02CC /* PBXContainerItemProxy */;
		};
/* End PBXTargetDependency section */

/* Begin PBXVariantGroup section */
		840E531024687C6E00EA02CC /* Main.storyboard */ = {
			isa = PBXVariantGroup;
			children = (
				840E531124687C6E00EA02CC /* Base */,
			);
			name = Main.storyboard;
			sourceTree = "<group>";
		};
		840E531524687C7000EA02CC /* LaunchScreen.storyboard */ = {
			isa = PBXVariantGroup;
			children = (
				840E531624687C7000EA02CC /* Base */,
			);
			name = LaunchScreen.storyboard;
			sourceTree = "<group>";
		};
/* End PBXVariantGroup section */

/* Begin XCBuildConfiguration section */
		840E531924687C7000EA02CC /* Debug */ = {
			isa = XCBuildConfiguration;
			buildSettings = {
				ALWAYS_SEARCH_USER_PATHS = NO;
				CLANG_ANALYZER_NONNULL = YES;
				CLANG_ANALYZER_NUMBER_OBJECT_CONVERSION = YES_AGGRESSIVE;
				CLANG_CXX_LANGUAGE_STANDARD = "gnu++14";
				CLANG_CXX_LIBRARY = "libc++";
				CLANG_ENABLE_MODULES = YES;
				CLANG_ENABLE_OBJC_ARC = YES;
				CLANG_ENABLE_OBJC_WEAK = YES;
				CLANG_WARN_BLOCK_CAPTURE_AUTORELEASING = YES;
				CLANG_WARN_BOOL_CONVERSION = YES;
				CLANG_WARN_COMMA = YES;
				CLANG_WARN_CONSTANT_CONVERSION = YES;
				CLANG_WARN_DEPRECATED_OBJC_IMPLEMENTATIONS = YES;
				CLANG_WARN_DIRECT_OBJC_ISA_USAGE = YES_ERROR;
				CLANG_WARN_DOCUMENTATION_COMMENTS = YES;
				CLANG_WARN_EMPTY_BODY = YES;
				CLANG_WARN_ENUM_CONVERSION = YES;
				CLANG_WARN_INFINITE_RECURSION = YES;
				CLANG_WARN_INT_CONVERSION = YES;
				CLANG_WARN_NON_LITERAL_NULL_CONVERSION = YES;
				CLANG_WARN_OBJC_IMPLICIT_RETAIN_SELF = YES;
				CLANG_WARN_OBJC_LITERAL_CONVERSION = YES;
				CLANG_WARN_OBJC_ROOT_CLASS = YES_ERROR;
				CLANG_WARN_RANGE_LOOP_ANALYSIS = YES;
				CLANG_WARN_STRICT_PROTOTYPES = YES;
				CLANG_WARN_SUSPICIOUS_MOVE = YES;
				CLANG_WARN_UNGUARDED_AVAILABILITY = YES_AGGRESSIVE;
				CLANG_WARN_UNREACHABLE_CODE = YES;
				CLANG_WARN__DUPLICATE_METHOD_MATCH = YES;
				COPY_PHASE_STRIP = NO;
				DEBUG_INFORMATION_FORMAT = dwarf;
				ENABLE_STRICT_OBJC_MSGSEND = YES;
				ENABLE_TESTABILITY = YES;
				GCC_C_LANGUAGE_STANDARD = gnu11;
				GCC_DYNAMIC_NO_PIC = NO;
				GCC_NO_COMMON_BLOCKS = YES;
				GCC_OPTIMIZATION_LEVEL = 0;
				GCC_PREPROCESSOR_DEFINITIONS = (
					"DEBUG=1",
					"$(inherited)",
				);
				GCC_WARN_64_TO_32_BIT_CONVERSION = YES;
				GCC_WARN_ABOUT_RETURN_TYPE = YES_ERROR;
				GCC_WARN_UNDECLARED_SELECTOR = YES;
				GCC_WARN_UNINITIALIZED_AUTOS = YES_AGGRESSIVE;
				GCC_WARN_UNUSED_FUNCTION = YES;
				GCC_WARN_UNUSED_VARIABLE = YES;
				IPHONEOS_DEPLOYMENT_TARGET = 13.2;
				MTL_ENABLE_DEBUG_INFO = INCLUDE_SOURCE;
				MTL_FAST_MATH = YES;
				ONLY_ACTIVE_ARCH = YES;
				SDKROOT = iphoneos;
				SWIFT_ACTIVE_COMPILATION_CONDITIONS = DEBUG;
				SWIFT_OPTIMIZATION_LEVEL = "-Onone";
			};
			name = Debug;
		};
		840E531A24687C7000EA02CC /* Release */ = {
			isa = XCBuildConfiguration;
			buildSettings = {
				ALWAYS_SEARCH_USER_PATHS = NO;
				CLANG_ANALYZER_NONNULL = YES;
				CLANG_ANALYZER_NUMBER_OBJECT_CONVERSION = YES_AGGRESSIVE;
				CLANG_CXX_LANGUAGE_STANDARD = "gnu++14";
				CLANG_CXX_LIBRARY = "libc++";
				CLANG_ENABLE_MODULES = YES;
				CLANG_ENABLE_OBJC_ARC = YES;
				CLANG_ENABLE_OBJC_WEAK = YES;
				CLANG_WARN_BLOCK_CAPTURE_AUTORELEASING = YES;
				CLANG_WARN_BOOL_CONVERSION = YES;
				CLANG_WARN_COMMA = YES;
				CLANG_WARN_CONSTANT_CONVERSION = YES;
				CLANG_WARN_DEPRECATED_OBJC_IMPLEMENTATIONS = YES;
				CLANG_WARN_DIRECT_OBJC_ISA_USAGE = YES_ERROR;
				CLANG_WARN_DOCUMENTATION_COMMENTS = YES;
				CLANG_WARN_EMPTY_BODY = YES;
				CLANG_WARN_ENUM_CONVERSION = YES;
				CLANG_WARN_INFINITE_RECURSION = YES;
				CLANG_WARN_INT_CONVERSION = YES;
				CLANG_WARN_NON_LITERAL_NULL_CONVERSION = YES;
				CLANG_WARN_OBJC_IMPLICIT_RETAIN_SELF = YES;
				CLANG_WARN_OBJC_LITERAL_CONVERSION = YES;
				CLANG_WARN_OBJC_ROOT_CLASS = YES_ERROR;
				CLANG_WARN_RANGE_LOOP_ANALYSIS = YES;
				CLANG_WARN_STRICT_PROTOTYPES = YES;
				CLANG_WARN_SUSPICIOUS_MOVE = YES;
				CLANG_WARN_UNGUARDED_AVAILABILITY = YES_AGGRESSIVE;
				CLANG_WARN_UNREACHABLE_CODE = YES;
				CLANG_WARN__DUPLICATE_METHOD_MATCH = YES;
				COPY_PHASE_STRIP = NO;
				DEBUG_INFORMATION_FORMAT = "dwarf-with-dsym";
				ENABLE_NS_ASSERTIONS = NO;
				ENABLE_STRICT_OBJC_MSGSEND = YES;
				GCC_C_LANGUAGE_STANDARD = gnu11;
				GCC_NO_COMMON_BLOCKS = YES;
				GCC_WARN_64_TO_32_BIT_CONVERSION = YES;
				GCC_WARN_ABOUT_RETURN_TYPE = YES_ERROR;
				GCC_WARN_UNDECLARED_SELECTOR = YES;
				GCC_WARN_UNINITIALIZED_AUTOS = YES_AGGRESSIVE;
				GCC_WARN_UNUSED_FUNCTION = YES;
				GCC_WARN_UNUSED_VARIABLE = YES;
				IPHONEOS_DEPLOYMENT_TARGET = 13.2;
				MTL_ENABLE_DEBUG_INFO = NO;
				MTL_FAST_MATH = YES;
				SDKROOT = iphoneos;
				SWIFT_COMPILATION_MODE = wholemodule;
				SWIFT_OPTIMIZATION_LEVEL = "-O";
				VALIDATE_PRODUCT = YES;
			};
			name = Release;
		};
		840E531C24687C7000EA02CC /* Debug */ = {
			isa = XCBuildConfiguration;
			baseConfigurationReference = BD0E9B9DEEAF2F6C5E4E8F8E /* Pods-MuseBox.debug.xcconfig */;
			buildSettings = {
				ASSETCATALOG_COMPILER_APPICON_NAME = AppIcon;
				CLANG_ENABLE_MODULES = YES;
				CODE_SIGN_STYLE = Automatic;
				DEVELOPMENT_TEAM = ZQ2TWYX6Z7;
				INFOPLIST_FILE = MuseBox/Info.plist;
				LD_RUNPATH_SEARCH_PATHS = (
					"$(inherited)",
					"@executable_path/Frameworks",
				);
				PRODUCT_BUNDLE_IDENTIFIER = com.leelavy.MuseBox;
				PRODUCT_NAME = "$(TARGET_NAME)";
				SWIFT_OBJC_BRIDGING_HEADER = "MuseBox/MuseBox-Bridging-Header.h";
				SWIFT_OPTIMIZATION_LEVEL = "-Onone";
				SWIFT_VERSION = 5.0;
				TARGETED_DEVICE_FAMILY = "1,2";
			};
			name = Debug;
		};
		840E531D24687C7000EA02CC /* Release */ = {
			isa = XCBuildConfiguration;
			baseConfigurationReference = B84CDBDE293F9E6959019067 /* Pods-MuseBox.release.xcconfig */;
			buildSettings = {
				ASSETCATALOG_COMPILER_APPICON_NAME = AppIcon;
				CLANG_ENABLE_MODULES = YES;
				CODE_SIGN_STYLE = Automatic;
				DEVELOPMENT_TEAM = ZQ2TWYX6Z7;
				INFOPLIST_FILE = MuseBox/Info.plist;
				LD_RUNPATH_SEARCH_PATHS = (
					"$(inherited)",
					"@executable_path/Frameworks",
				);
				PRODUCT_BUNDLE_IDENTIFIER = com.leelavy.MuseBox;
				PRODUCT_NAME = "$(TARGET_NAME)";
				SWIFT_OBJC_BRIDGING_HEADER = "MuseBox/MuseBox-Bridging-Header.h";
				SWIFT_VERSION = 5.0;
				TARGETED_DEVICE_FAMILY = "1,2";
			};
			name = Release;
		};
		840E532B24688A4D00EA02CC /* Debug */ = {
			isa = XCBuildConfiguration;
			baseConfigurationReference = 48AD373E6F05FF93BB7E6B56 /* Pods-MuseBox-MuseBoxUITests.debug.xcconfig */;
			buildSettings = {
				CODE_SIGN_STYLE = Automatic;
				DEVELOPMENT_TEAM = ZQ2TWYX6Z7;
				INFOPLIST_FILE = MuseBoxUITests/Info.plist;
				LD_RUNPATH_SEARCH_PATHS = (
					"$(inherited)",
					"@executable_path/Frameworks",
					"@loader_path/Frameworks",
				);
				PRODUCT_BUNDLE_IDENTIFIER = com.leelavy.MuseBoxUITests;
				PRODUCT_NAME = "$(TARGET_NAME)";
				SWIFT_VERSION = 5.0;
				TARGETED_DEVICE_FAMILY = "1,2";
				TEST_TARGET_NAME = MuseBox;
			};
			name = Debug;
		};
		840E532C24688A4D00EA02CC /* Release */ = {
			isa = XCBuildConfiguration;
			baseConfigurationReference = B40C7A7C79F52600F7F2190D /* Pods-MuseBox-MuseBoxUITests.release.xcconfig */;
			buildSettings = {
				CODE_SIGN_STYLE = Automatic;
				DEVELOPMENT_TEAM = ZQ2TWYX6Z7;
				INFOPLIST_FILE = MuseBoxUITests/Info.plist;
				LD_RUNPATH_SEARCH_PATHS = (
					"$(inherited)",
					"@executable_path/Frameworks",
					"@loader_path/Frameworks",
				);
				PRODUCT_BUNDLE_IDENTIFIER = com.leelavy.MuseBoxUITests;
				PRODUCT_NAME = "$(TARGET_NAME)";
				SWIFT_VERSION = 5.0;
				TARGETED_DEVICE_FAMILY = "1,2";
				TEST_TARGET_NAME = MuseBox;
			};
			name = Release;
		};
		840E533A24688ABA00EA02CC /* Debug */ = {
			isa = XCBuildConfiguration;
			baseConfigurationReference = FA9F34F5503AF996DCD70DAE /* Pods-MuseBoxTests.debug.xcconfig */;
			buildSettings = {
				BUNDLE_LOADER = "$(TEST_HOST)";
				CODE_SIGN_STYLE = Automatic;
				DEVELOPMENT_TEAM = ZQ2TWYX6Z7;
				INFOPLIST_FILE = MuseBoxTests/Info.plist;
				LD_RUNPATH_SEARCH_PATHS = (
					"$(inherited)",
					"@executable_path/Frameworks",
					"@loader_path/Frameworks",
				);
				PRODUCT_BUNDLE_IDENTIFIER = com.leelavy.MuseBoxTests;
				PRODUCT_NAME = "$(TARGET_NAME)";
				SWIFT_VERSION = 5.0;
				TARGETED_DEVICE_FAMILY = "1,2";
				TEST_HOST = "$(BUILT_PRODUCTS_DIR)/MuseBox.app/MuseBox";
			};
			name = Debug;
		};
		840E533B24688ABA00EA02CC /* Release */ = {
			isa = XCBuildConfiguration;
			baseConfigurationReference = BC2131CA721F073FC19EFB99 /* Pods-MuseBoxTests.release.xcconfig */;
			buildSettings = {
				BUNDLE_LOADER = "$(TEST_HOST)";
				CODE_SIGN_STYLE = Automatic;
				DEVELOPMENT_TEAM = ZQ2TWYX6Z7;
				INFOPLIST_FILE = MuseBoxTests/Info.plist;
				LD_RUNPATH_SEARCH_PATHS = (
					"$(inherited)",
					"@executable_path/Frameworks",
					"@loader_path/Frameworks",
				);
				PRODUCT_BUNDLE_IDENTIFIER = com.leelavy.MuseBoxTests;
				PRODUCT_NAME = "$(TARGET_NAME)";
				SWIFT_VERSION = 5.0;
				TARGETED_DEVICE_FAMILY = "1,2";
				TEST_HOST = "$(BUILT_PRODUCTS_DIR)/MuseBox.app/MuseBox";
			};
			name = Release;
		};
/* End XCBuildConfiguration section */

/* Begin XCConfigurationList section */
		840E530224687C6E00EA02CC /* Build configuration list for PBXProject "MuseBox" */ = {
			isa = XCConfigurationList;
			buildConfigurations = (
				840E531924687C7000EA02CC /* Debug */,
				840E531A24687C7000EA02CC /* Release */,
			);
			defaultConfigurationIsVisible = 0;
			defaultConfigurationName = Release;
		};
		840E531B24687C7000EA02CC /* Build configuration list for PBXNativeTarget "MuseBox" */ = {
			isa = XCConfigurationList;
			buildConfigurations = (
				840E531C24687C7000EA02CC /* Debug */,
				840E531D24687C7000EA02CC /* Release */,
			);
			defaultConfigurationIsVisible = 0;
			defaultConfigurationName = Release;
		};
		840E532D24688A4D00EA02CC /* Build configuration list for PBXNativeTarget "MuseBoxUITests" */ = {
			isa = XCConfigurationList;
			buildConfigurations = (
				840E532B24688A4D00EA02CC /* Debug */,
				840E532C24688A4D00EA02CC /* Release */,
			);
			defaultConfigurationIsVisible = 0;
			defaultConfigurationName = Release;
		};
		840E533924688ABA00EA02CC /* Build configuration list for PBXNativeTarget "MuseBoxTests" */ = {
			isa = XCConfigurationList;
			buildConfigurations = (
				840E533A24688ABA00EA02CC /* Debug */,
				840E533B24688ABA00EA02CC /* Release */,
			);
			defaultConfigurationIsVisible = 0;
			defaultConfigurationName = Release;
		};
/* End XCConfigurationList section */
	};
	rootObject = 840E52FF24687C6E00EA02CC /* Project object */;
}
